
Microsoft Visual Studio Solution File, Format Version 12.00
# Visual Studio Version 17
VisualStudioVersion = 17.10.35027.167
MinimumVisualStudioVersion = 10.0.40219.1
Project("{8BC9CEB8-8B4A-11D0-8D11-00A0C91BC942}") = "Test", "Test\Test.vcxproj", "{141230C9-0AF1-4102-A44A-54D40BF04641}"
EndProject
Global
	GlobalSection(SolutionConfigurationPlatforms) = preSolution
		Debug|x64 = Debug|x64
		Debug|x86 = Debug|x86
		Release|x64 = Release|x64
		Release|x86 = Release|x86
	EndGlobalSection
	GlobalSection(ProjectConfigurationPlatforms) = postSolution
		{141230C9-0AF1-4102-A44A-54D40BF04641}.Debug|x64.ActiveCfg = Debug|x64
		{141230C9-0AF1-4102-A44A-54D40BF04641}.Debug|x64.Build.0 = Debug|x64
		{141230C9-0AF1-4102-A44A-54D40BF04641}.Debug|x86.ActiveCfg = Debug|Win32
		{141230C9-0AF1-4102-A44A-54D40BF04641}.Debug|x86.Build.0 = Debug|Win32
		{141230C9-0AF1-4102-A44A-54D40BF04641}.Release|x64.ActiveCfg = Release|x64
		{141230C9-0AF1-4102-A44A-54D40BF04641}.Release|x64.Build.0 = Release|x64
		{141230C9-0AF1-4102-A44A-54D40BF04641}.Release|x86.ActiveCfg = Release|Win32
		{141230C9-0AF1-4102-A44A-54D40BF04641}.Release|x86.Build.0 = Release|Win32
	EndGlobalSection
	GlobalSection(SolutionProperties) = preSolution
		HideSolutionNode = FALSE
	EndGlobalSection
	GlobalSection(ExtensibilityGlobals) = postSolution
		SolutionGuid = {7CB9762B-E78C-4AD4-AC82-436B1E503BE7}
	EndGlobalSection
EndGlobal
